
Microsoft Visual Studio Solution File, Format Version 12.00
# Visual Studio Version 16
VisualStudioVersion = 16.0.30309.148
MinimumVisualStudioVersion = 10.0.40219.1
Project("{FAE04EC0-301F-11D3-BF4B-00C04F79EFBC}") = "App.Business", "App.Business\App.Business.csproj", "{8C5F634E-09EE-454C-A1AD-9A60F7302F75}"
EndProject
Project("{FAE04EC0-301F-11D3-BF4B-00C04F79EFBC}") = "App.Core", "App.Core\App.Core.csproj", "{798DA472-A853-4328-8067-CD66BD12CA1E}"
EndProject
Project("{FAE04EC0-301F-11D3-BF4B-00C04F79EFBC}") = "App.DataAccess", "App.DataAccess\App.DataAccess.csproj", "{4CDCEF35-D53D-4AC2-BEB3-4CEBCD12983E}"
EndProject
Project("{FAE04EC0-301F-11D3-BF4B-00C04F79EFBC}") = "App.Entities", "App.Entities\App.Entities.csproj", "{281FB5E8-41E8-450E-A4E9-7EAB3B77D1CF}"
EndProject
Project("{FAE04EC0-301F-11D3-BF4B-00C04F79EFBC}") = "App.MvcWebUI", "App.MvcWebUI\App.MvcWebUI.csproj", "{80334CBE-3C77-4CB6-AF3A-40D07E93ACE5}"
EndProject
Global
	GlobalSection(SolutionConfigurationPlatforms) = preSolution
		Debug|Any CPU = Debug|Any CPU
		Release|Any CPU = Release|Any CPU
	EndGlobalSection
	GlobalSection(ProjectConfigurationPlatforms) = postSolution
		{8C5F634E-09EE-454C-A1AD-9A60F7302F75}.Debug|Any CPU.ActiveCfg = Debug|Any CPU
		{8C5F634E-09EE-454C-A1AD-9A60F7302F75}.Debug|Any CPU.Build.0 = Debug|Any CPU
		{8C5F634E-09EE-454C-A1AD-9A60F7302F75}.Release|Any CPU.ActiveCfg = Release|Any CPU
		{8C5F634E-09EE-454C-A1AD-9A60F7302F75}.Release|Any CPU.Build.0 = Release|Any CPU
		{798DA472-A853-4328-8067-CD66BD12CA1E}.Debug|Any CPU.ActiveCfg = Debug|Any CPU
		{798DA472-A853-4328-8067-CD66BD12CA1E}.Debug|Any CPU.Build.0 = Debug|Any CPU
		{798DA472-A853-4328-8067-CD66BD12CA1E}.Release|Any CPU.ActiveCfg = Release|Any CPU
		{798DA472-A853-4328-8067-CD66BD12CA1E}.Release|Any CPU.Build.0 = Release|Any CPU
		{4CDCEF35-D53D-4AC2-BEB3-4CEBCD12983E}.Debug|Any CPU.ActiveCfg = Debug|Any CPU
		{4CDCEF35-D53D-4AC2-BEB3-4CEBCD12983E}.Debug|Any CPU.Build.0 = Debug|Any CPU
		{4CDCEF35-D53D-4AC2-BEB3-4CEBCD12983E}.Release|Any CPU.ActiveCfg = Release|Any CPU
		{4CDCEF35-D53D-4AC2-BEB3-4CEBCD12983E}.Release|Any CPU.Build.0 = Release|Any CPU
		{281FB5E8-41E8-450E-A4E9-7EAB3B77D1CF}.Debug|Any CPU.ActiveCfg = Debug|Any CPU
		{281FB5E8-41E8-450E-A4E9-7EAB3B77D1CF}.Debug|Any CPU.Build.0 = Debug|Any CPU
		{281FB5E8-41E8-450E-A4E9-7EAB3B77D1CF}.Release|Any CPU.ActiveCfg = Release|Any CPU
		{281FB5E8-41E8-450E-A4E9-7EAB3B77D1CF}.Release|Any CPU.Build.0 = Release|Any CPU
		{80334CBE-3C77-4CB6-AF3A-40D07E93ACE5}.Debug|Any CPU.ActiveCfg = Debug|Any CPU
		{80334CBE-3C77-4CB6-AF3A-40D07E93ACE5}.Debug|Any CPU.Build.0 = Debug|Any CPU
		{80334CBE-3C77-4CB6-AF3A-40D07E93ACE5}.Release|Any CPU.ActiveCfg = Release|Any CPU
		{80334CBE-3C77-4CB6-AF3A-40D07E93ACE5}.Release|Any CPU.Build.0 = Release|Any CPU
	EndGlobalSection
	GlobalSection(SolutionProperties) = preSolution
		HideSolutionNode = FALSE
	EndGlobalSection
	GlobalSection(ExtensibilityGlobals) = postSolution
		SolutionGuid = {67DAF162-E6FF-469A-B10C-DA9C70D1B7FC}
	EndGlobalSection
EndGlobal
